{
  "name": "homewordnode_02",
  "version": "1.0.0",
  "lockfileVersion": 3,
  "requires": true,
  "packages": {
    "": {
      "name": "homewordnode_02",
      "version": "1.0.0",
      "license": "ISC",
      "dependencies": {
        "gennady_random_color": "^3.0.1"
      }
    },
    "node_modules/gennady_random_color": {
      "version": "3.0.1",
      "resolved": "https://registry.npmjs.org/gennady_random_color/-/gennady_random_color-3.0.1.tgz",
      "integrity": "sha512-V4mhC3fibp4jsPxj7zcwqXpz/xqRGkv5m6t8d03CrO7dHJQHAfxATsHP1zjUOoSZvhRV2WGYlq24LC8sZHQAYw=="
    }
  }
}
